// !$*UTF8*$!
{
	archiveVersion = 1;
	classes = {
	};
	objectVersion = 77;
	objects = {

/* Begin PBXContainerItemProxy section */
		5F748C802CEE1C72003528AF /* PBXContainerItemProxy */ = {
			isa = PBXContainerItemProxy;
			containerPortal = 5F748C652CEE1C71003528AF /* Project object */;
			proxyType = 1;
			remoteGlobalIDString = 5F748C6C2CEE1C71003528AF;
			remoteInfo = "Weather Tracker";
		};
		5F748C8A2CEE1C72003528AF /* PBXContainerItemProxy */ = {
			isa = PBXContainerItemProxy;
			containerPortal = 5F748C652CEE1C71003528AF /* Project object */;
			proxyType = 1;
			remoteGlobalIDString = 5F748C6C2CEE1C71003528AF;
			remoteInfo = "Weather Tracker";
		};
/* End PBXContainerItemProxy section */

/* Begin PBXFileReference section */
		5F748C6D2CEE1C71003528AF /* Weather Tracker.app */ = {isa = PBXFileReference; explicitFileType = wrapper.application; includeInIndex = 0; path = "Weather Tracker.app"; sourceTree = BUILT_PRODUCTS_DIR; };
		5F748C7F2CEE1C72003528AF /* Weather TrackerTests.xctest */ = {isa = PBXFileReference; explicitFileType = wrapper.cfbundle; includeInIndex = 0; path = "Weather TrackerTests.xctest"; sourceTree = BUILT_PRODUCTS_DIR; };
		5F748C892CEE1C72003528AF /* Weather TrackerUITests.xctest */ = {isa = PBXFileReference; explicitFileType = wrapper.cfbundle; includeInIndex = 0; path = "Weather TrackerUITests.xctest"; sourceTree = BUILT_PRODUCTS_DIR; };
/* End PBXFileReference section */

/* Begin PBXFileSystemSynchronizedRootGroup section */
		5F748C6F2CEE1C71003528AF /* Weather Tracker */ = {
			isa = PBXFileSystemSynchronizedRootGroup;
			path = "Weather Tracker";
			sourceTree = "<group>";
		};
		5F748C822CEE1C72003528AF /* Weather TrackerTests */ = {
			isa = PBXFileSystemSynchronizedRootGroup;
			path = "Weather TrackerTests";
			sourceTree = "<group>";
		};
		5F748C8C2CEE1C72003528AF /* Weather TrackerUITests */ = {
			isa = PBXFileSystemSynchronizedRootGroup;
			path = "Weather TrackerUITests";
			sourceTree = "<group>";
		};
/* End PBXFileSystemSynchronizedRootGroup section */

/* Begin PBXFrameworksBuildPhase section */
		5F748C6A2CEE1C71003528AF /* Frameworks */ = {
			isa = PBXFrameworksBuildPhase;
			buildActionMask = 2147483647;
			files = (
			);
			runOnlyForDeploymentPostprocessing = 0;
		};
		5F748C7C2CEE1C72003528AF /* Frameworks */ = {
			isa = PBXFrameworksBuildPhase;
			buildActionMask = 2147483647;
			files = (
			);
			runOnlyForDeploymentPostprocessing = 0;
		};
		5F748C862CEE1C72003528AF /* Frameworks */ = {
			isa = PBXFrameworksBuildPhase;
			buildActionMask = 2147483647;
			files = (
			);
			runOnlyForDeploymentPostprocessing = 0;
		};
/* End PBXFrameworksBuildPhase section */

/* Begin PBXGroup section */
		5F748C642CEE1C71003528AF = {
			isa = PBXGroup;
			children = (
				5F748C6F2CEE1C71003528AF /* Weather Tracker */,
				5F748C822CEE1C72003528AF /* Weather TrackerTests */,
				5F748C8C2CEE1C72003528AF /* Weather TrackerUITests */,
				5F748C6E2CEE1C71003528AF /* Products */,
			);
			sourceTree = "<group>";
		};
		5F748C6E2CEE1C71003528AF /* Products */ = {
			isa = PBXGroup;
			children = (
				5F748C6D2CEE1C71003528AF /* Weather Tracker.app */,
				5F748C7F2CEE1C72003528AF /* Weather TrackerTests.xctest */,
				5F748C892CEE1C72003528AF /* Weather TrackerUITests.xctest */,
			);
			name = Products;
			sourceTree = "<group>";
		};
/* End PBXGroup section */

/* Begin PBXNativeTarget section */
		5F748C6C2CEE1C71003528AF /* Weather Tracker */ = {
			isa = PBXNativeTarget;
			buildConfigurationList = 5F748C932CEE1C72003528AF /* Build configuration list for PBXNativeTarget "Weather Tracker" */;
			buildPhases = (
				5F748C692CEE1C71003528AF /* Sources */,
				5F748C6A2CEE1C71003528AF /* Frameworks */,
				5F748C6B2CEE1C71003528AF /* Resources */,
			);
			buildRules = (
			);
			dependencies = (
			);
			fileSystemSynchronizedGroups = (
				5F748C6F2CEE1C71003528AF /* Weather Tracker */,
			);
			name = "Weather Tracker";
			packageProductDependencies = (
			);
			productName = "Weather Tracker";
			productReference = 5F748C6D2CEE1C71003528AF /* Weather Tracker.app */;
			productType = "com.apple.product-type.application";
		};
		5F748C7E2CEE1C72003528AF /* Weather TrackerTests */ = {
			isa = PBXNativeTarget;
			buildConfigurationList = 5F748C962CEE1C72003528AF /* Build configuration list for PBXNativeTarget "Weather TrackerTests" */;
			buildPhases = (
				5F748C7B2CEE1C72003528AF /* Sources */,
				5F748C7C2CEE1C72003528AF /* Frameworks */,
				5F748C7D2CEE1C72003528AF /* Resources */,
			);
			buildRules = (
			);
			dependencies = (
				5F748C812CEE1C72003528AF /* PBXTargetDependency */,
			);
			fileSystemSynchronizedGroups = (
				5F748C822CEE1C72003528AF /* Weather TrackerTests */,
			);
			name = "Weather TrackerTests";
			packageProductDependencies = (
			);
			productName = "Weather TrackerTests";
			productReference = 5F748C7F2CEE1C72003528AF /* Weather TrackerTests.xctest */;
			productType = "com.apple.product-type.bundle.unit-test";
		};
		5F748C882CEE1C72003528AF /* Weather TrackerUITests */ = {
			isa = PBXNativeTarget;
			buildConfigurationList = 5F748C992CEE1C72003528AF /* Build configuration list for PBXNativeTarget "Weather TrackerUITests" */;
			buildPhases = (
				5F748C852CEE1C72003528AF /* Sources */,
				5F748C862CEE1C72003528AF /* Frameworks */,
				5F748C872CEE1C72003528AF /* Resources */,
			);
			buildRules = (
			);
			dependencies = (
				5F748C8B2CEE1C72003528AF /* PBXTargetDependency */,
			);
			fileSystemSynchronizedGroups = (
				5F748C8C2CEE1C72003528AF /* Weather TrackerUITests */,
			);
			name = "Weather TrackerUITests";
			packageProductDependencies = (
			);
			productName = "Weather TrackerUITests";
			productReference = 5F748C892CEE1C72003528AF /* Weather TrackerUITests.xctest */;
			productType = "com.apple.product-type.bundle.ui-testing";
		};
/* End PBXNativeTarget section */

/* Begin PBXProject section */
		5F748C652CEE1C71003528AF /* Project object */ = {
			isa = PBXProject;
			attributes = {
				BuildIndependentTargetsInParallel = 1;
				LastSwiftUpdateCheck = 1610;
				LastUpgradeCheck = 1610;
				TargetAttributes = {
					5F748C6C2CEE1C71003528AF = {
						CreatedOnToolsVersion = 16.1;
					};
					5F748C7E2CEE1C72003528AF = {
						CreatedOnToolsVersion = 16.1;
						TestTargetID = 5F748C6C2CEE1C71003528AF;
					};
					5F748C882CEE1C72003528AF = {
						CreatedOnToolsVersion = 16.1;
						TestTargetID = 5F748C6C2CEE1C71003528AF;
					};
				};
			};
			buildConfigurationList = 5F748C682CEE1C71003528AF /* Build configuration list for PBXProject "Weather Tracker" */;
			developmentRegion = en;
			hasScannedForEncodings = 0;
			knownRegions = (
				en,
				Base,
			);
			mainGroup = 5F748C642CEE1C71003528AF;
			minimizedProjectReferenceProxies = 1;
			preferredProjectObjectVersion = 77;
			productRefGroup = 5F748C6E2CEE1C71003528AF /* Products */;
			projectDirPath = "";
			projectRoot = "";
			targets = (
				5F748C6C2CEE1C71003528AF /* Weather Tracker */,
				5F748C7E2CEE1C72003528AF /* Weather TrackerTests */,
				5F748C882CEE1C72003528AF /* Weather TrackerUITests */,
			);
		};
/* End PBXProject section */

/* Begin PBXResourcesBuildPhase section */
		5F748C6B2CEE1C71003528AF /* Resources */ = {
			isa = PBXResourcesBuildPhase;
			buildActionMask = 2147483647;
			files = (
			);
			runOnlyForDeploymentPostprocessing = 0;
		};
		5F748C7D2CEE1C72003528AF /* Resources */ = {
			isa = PBXResourcesBuildPhase;
			buildActionMask = 2147483647;
			files = (
			);
			runOnlyForDeploymentPostprocessing = 0;
		};
		5F748C872CEE1C72003528AF /* Resources */ = {
			isa = PBXResourcesBuildPhase;
			buildActionMask = 2147483647;
			files = (
			);
			runOnlyForDeploymentPostprocessing = 0;
		};
/* End PBXResourcesBuildPhase section */

/* Begin PBXSourcesBuildPhase section */
		5F748C692CEE1C71003528AF /* Sources */ = {
			isa = PBXSourcesBuildPhase;
			buildActionMask = 2147483647;
			files = (
			);
			runOnlyForDeploymentPostprocessing = 0;
		};
		5F748C7B2CEE1C72003528AF /* Sources */ = {
			isa = PBXSourcesBuildPhase;
			buildActionMask = 2147483647;
			files = (
			);
			runOnlyForDeploymentPostprocessing = 0;
		};
		5F748C852CEE1C72003528AF /* Sources */ = {
			isa = PBXSourcesBuildPhase;
			buildActionMask = 2147483647;
			files = (
			);
			runOnlyForDeploymentPostprocessing = 0;
		};
/* End PBXSourcesBuildPhase section */

/* Begin PBXTargetDependency section */
		5F748C812CEE1C72003528AF /* PBXTargetDependency */ = {
			isa = PBXTargetDependency;
			target = 5F748C6C2CEE1C71003528AF /* Weather Tracker */;
			targetProxy = 5F748C802CEE1C72003528AF /* PBXContainerItemProxy */;
		};
		5F748C8B2CEE1C72003528AF /* PBXTargetDependency */ = {
			isa = PBXTargetDependency;
			target = 5F748C6C2CEE1C71003528AF /* Weather Tracker */;
			targetProxy = 5F748C8A2CEE1C72003528AF /* PBXContainerItemProxy */;
		};
/* End PBXTargetDependency section */

/* Begin XCBuildConfiguration section */
		5F748C912CEE1C72003528AF /* Debug */ = {
			isa = XCBuildConfiguration;
			buildSettings = {
				ALWAYS_SEARCH_USER_PATHS = NO;
				ASSETCATALOG_COMPILER_GENERATE_SWIFT_ASSET_SYMBOL_EXTENSIONS = YES;
				CLANG_ANALYZER_NONNULL = YES;
				CLANG_ANALYZER_NUMBER_OBJECT_CONVERSION = YES_AGGRESSIVE;
				CLANG_CXX_LANGUAGE_STANDARD = "gnu++20";
				CLANG_ENABLE_MODULES = YES;
				CLANG_ENABLE_OBJC_ARC = YES;
				CLANG_ENABLE_OBJC_WEAK = YES;
				CLANG_WARN_BLOCK_CAPTURE_AUTORELEASING = YES;
				CLANG_WARN_BOOL_CONVERSION = YES;
				CLANG_WARN_COMMA = YES;
				CLANG_WARN_CONSTANT_CONVERSION = YES;
				CLANG_WARN_DEPRECATED_OBJC_IMPLEMENTATIONS = YES;
				CLANG_WARN_DIRECT_OBJC_ISA_USAGE = YES_ERROR;
				CLANG_WARN_DOCUMENTATION_COMMENTS = YES;
				CLANG_WARN_EMPTY_BODY = YES;
				CLANG_WARN_ENUM_CONVERSION = YES;
				CLANG_WARN_INFINITE_RECURSION = YES;
				CLANG_WARN_INT_CONVERSION = YES;
				CLANG_WARN_NON_LITERAL_NULL_CONVERSION = YES;
				CLANG_WARN_OBJC_IMPLICIT_RETAIN_SELF = YES;
				CLANG_WARN_OBJC_LITERAL_CONVERSION = YES;
				CLANG_WARN_OBJC_ROOT_CLASS = YES_ERROR;
				CLANG_WARN_QUOTED_INCLUDE_IN_FRAMEWORK_HEADER = YES;
				CLANG_WARN_RANGE_LOOP_ANALYSIS = YES;
				CLANG_WARN_STRICT_PROTOTYPES = YES;
				CLANG_WARN_SUSPICIOUS_MOVE = YES;
				CLANG_WARN_UNGUARDED_AVAILABILITY = YES_AGGRESSIVE;
				CLANG_WARN_UNREACHABLE_CODE = YES;
				CLANG_WARN__DUPLICATE_METHOD_MATCH = YES;
				COPY_PHASE_STRIP = NO;
				DEBUG_INFORMATION_FORMAT = dwarf;
				ENABLE_STRICT_OBJC_MSGSEND = YES;
				ENABLE_TESTABILITY = YES;
				ENABLE_USER_SCRIPT_SANDBOXING = YES;
				GCC_C_LANGUAGE_STANDARD = gnu17;
				GCC_DYNAMIC_NO_PIC = NO;
				GCC_NO_COMMON_BLOCKS = YES;
				GCC_OPTIMIZATION_LEVEL = 0;
				GCC_PREPROCESSOR_DEFINITIONS = (
					"DEBUG=1",
					"$(inherited)",
				);
				GCC_WARN_64_TO_32_BIT_CONVERSION = YES;
				GCC_WARN_ABOUT_RETURN_TYPE = YES_ERROR;
				GCC_WARN_UNDECLARED_SELECTOR = YES;
				GCC_WARN_UNINITIALIZED_AUTOS = YES_AGGRESSIVE;
				GCC_WARN_UNUSED_FUNCTION = YES;
				GCC_WARN_UNUSED_VARIABLE = YES;
				IPHONEOS_DEPLOYMENT_TARGET = 18.1;
				LOCALIZATION_PREFERS_STRING_CATALOGS = YES;
				MTL_ENABLE_DEBUG_INFO = INCLUDE_SOURCE;
				MTL_FAST_MATH = YES;
				ONLY_ACTIVE_ARCH = YES;
				SDKROOT = iphoneos;
				SWIFT_ACTIVE_COMPILATION_CONDITIONS = "DEBUG $(inherited)";
				SWIFT_OPTIMIZATION_LEVEL = "-Onone";
			};
			name = Debug;
		};
		5F748C922CEE1C72003528AF /* Release */ = {
			isa = XCBuildConfiguration;
			buildSettings = {
				ALWAYS_SEARCH_USER_PATHS = NO;
				ASSETCATALOG_COMPILER_GENERATE_SWIFT_ASSET_SYMBOL_EXTENSIONS = YES;
				CLANG_ANALYZER_NONNULL = YES;
				CLANG_ANALYZER_NUMBER_OBJECT_CONVERSION = YES_AGGRESSIVE;
				CLANG_CXX_LANGUAGE_STANDARD = "gnu++20";
				CLANG_ENABLE_MODULES = YES;
				CLANG_ENABLE_OBJC_ARC = YES;
				CLANG_ENABLE_OBJC_WEAK = YES;
				CLANG_WARN_BLOCK_CAPTURE_AUTORELEASING = YES;
				CLANG_WARN_BOOL_CONVERSION = YES;
				CLANG_WARN_COMMA = YES;
				CLANG_WARN_CONSTANT_CONVERSION = YES;
				CLANG_WARN_DEPRECATED_OBJC_IMPLEMENTATIONS = YES;
				CLANG_WARN_DIRECT_OBJC_ISA_USAGE = YES_ERROR;
				CLANG_WARN_DOCUMENTATION_COMMENTS = YES;
				CLANG_WARN_EMPTY_BODY = YES;
				CLANG_WARN_ENUM_CONVERSION = YES;
				CLANG_WARN_INFINITE_RECURSION = YES;
				CLANG_WARN_INT_CONVERSION = YES;
				CLANG_WARN_NON_LITERAL_NULL_CONVERSION = YES;
				CLANG_WARN_OBJC_IMPLICIT_RETAIN_SELF = YES;
				CLANG_WARN_OBJC_LITERAL_CONVERSION = YES;
				CLANG_WARN_OBJC_ROOT_CLASS = YES_ERROR;
				CLANG_WARN_QUOTED_INCLUDE_IN_FRAMEWORK_HEADER = YES;
				CLANG_WARN_RANGE_LOOP_ANALYSIS = YES;
				CLANG_WARN_STRICT_PROTOTYPES = YES;
				CLANG_WARN_SUSPICIOUS_MOVE = YES;
				CLANG_WARN_UNGUARDED_AVAILABILITY = YES_AGGRESSIVE;
				CLANG_WARN_UNREACHABLE_CODE = YES;
				CLANG_WARN__DUPLICATE_METHOD_MATCH = YES;
				COPY_PHASE_STRIP = NO;
				DEBUG_INFORMATION_FORMAT = "dwarf-with-dsym";
				ENABLE_NS_ASSERTIONS = NO;
				ENABLE_STRICT_OBJC_MSGSEND = YES;
				ENABLE_USER_SCRIPT_SANDBOXING = YES;
				GCC_C_LANGUAGE_STANDARD = gnu17;
				GCC_NO_COMMON_BLOCKS = YES;
				GCC_WARN_64_TO_32_BIT_CONVERSION = YES;
				GCC_WARN_ABOUT_RETURN_TYPE = YES_ERROR;
				GCC_WARN_UNDECLARED_SELECTOR = YES;
				GCC_WARN_UNINITIALIZED_AUTOS = YES_AGGRESSIVE;
				GCC_WARN_UNUSED_FUNCTION = YES;
				GCC_WARN_UNUSED_VARIABLE = YES;
				IPHONEOS_DEPLOYMENT_TARGET = 18.1;
				LOCALIZATION_PREFERS_STRING_CATALOGS = YES;
				MTL_ENABLE_DEBUG_INFO = NO;
				MTL_FAST_MATH = YES;
				SDKROOT = iphoneos;
				SWIFT_COMPILATION_MODE = wholemodule;
				VALIDATE_PRODUCT = YES;
			};
			name = Release;
		};
		5F748C942CEE1C72003528AF /* Debug */ = {
			isa = XCBuildConfiguration;
			buildSettings = {
				ASSETCATALOG_COMPILER_APPICON_NAME = AppIcon;
				ASSETCATALOG_COMPILER_GLOBAL_ACCENT_COLOR_NAME = AccentColor;
				CODE_SIGN_STYLE = Automatic;
				CURRENT_PROJECT_VERSION = 1;
				DEVELOPMENT_ASSET_PATHS = "\"Weather Tracker/Preview Content\"";
				DEVELOPMENT_TEAM = QP46GZR9X8;
				ENABLE_PREVIEWS = YES;
				GENERATE_INFOPLIST_FILE = YES;
				INFOPLIST_KEY_UIApplicationSceneManifest_Generation = YES;
				INFOPLIST_KEY_UIApplicationSupportsIndirectInputEvents = YES;
				INFOPLIST_KEY_UILaunchScreen_Generation = YES;
				INFOPLIST_KEY_UISupportedInterfaceOrientations_iPad = "UIInterfaceOrientationPortrait UIInterfaceOrientationPortraitUpsideDown UIInterfaceOrientationLandscapeLeft UIInterfaceOrientationLandscapeRight";
				INFOPLIST_KEY_UISupportedInterfaceOrientations_iPhone = "UIInterfaceOrientationPortrait UIInterfaceOrientationLandscapeLeft UIInterfaceOrientationLandscapeRight";
				LD_RUNPATH_SEARCH_PATHS = (
					"$(inherited)",
					"@executable_path/Frameworks",
				);
				MARKETING_VERSION = 1.0;
				PRODUCT_BUNDLE_IDENTIFIER = "AnthonyHarvey.Weather-Tracker";
				PRODUCT_NAME = "$(TARGET_NAME)";
				SWIFT_EMIT_LOC_STRINGS = YES;
				SWIFT_VERSION = 5.0;
				TARGETED_DEVICE_FAMILY = "1,2";
			};
			name = Debug;
		};
		5F748C952CEE1C72003528AF /* Release */ = {
			isa = XCBuildConfiguration;
			buildSettings = {
				ASSETCATALOG_COMPILER_APPICON_NAME = AppIcon;
				ASSETCATALOG_COMPILER_GLOBAL_ACCENT_COLOR_NAME = AccentColor;
				CODE_SIGN_STYLE = Automatic;
				CURRENT_PROJECT_VERSION = 1;
				DEVELOPMENT_ASSET_PATHS = "\"Weather Tracker/Preview Content\"";
				DEVELOPMENT_TEAM = QP46GZR9X8;
				ENABLE_PREVIEWS = YES;
				GENERATE_INFOPLIST_FILE = YES;
				INFOPLIST_KEY_UIApplicationSceneManifest_Generation = YES;
				INFOPLIST_KEY_UIApplicationSupportsIndirectInputEvents = YES;
				INFOPLIST_KEY_UILaunchScreen_Generation = YES;
				INFOPLIST_KEY_UISupportedInterfaceOrientations_iPad = "UIInterfaceOrientationPortrait UIInterfaceOrientationPortraitUpsideDown UIInterfaceOrientationLandscapeLeft UIInterfaceOrientationLandscapeRight";
				INFOPLIST_KEY_UISupportedInterfaceOrientations_iPhone = "UIInterfaceOrientationPortrait UIInterfaceOrientationLandscapeLeft UIInterfaceOrientationLandscapeRight";
				LD_RUNPATH_SEARCH_PATHS = (
					"$(inherited)",
					"@executable_path/Frameworks",
				);
				MARKETING_VERSION = 1.0;
				PRODUCT_BUNDLE_IDENTIFIER = "AnthonyHarvey.Weather-Tracker";
				PRODUCT_NAME = "$(TARGET_NAME)";
				SWIFT_EMIT_LOC_STRINGS = YES;
				SWIFT_VERSION = 5.0;
				TARGETED_DEVICE_FAMILY = "1,2";
			};
			name = Release;
		};
		5F748C972CEE1C72003528AF /* Debug */ = {
			isa = XCBuildConfiguration;
			buildSettings = {
				BUNDLE_LOADER = "$(TEST_HOST)";
				CODE_SIGN_STYLE = Automatic;
				CURRENT_PROJECT_VERSION = 1;
				DEVELOPMENT_TEAM = QP46GZR9X8;
				GENERATE_INFOPLIST_FILE = YES;
				IPHONEOS_DEPLOYMENT_TARGET = 18.1;
				MARKETING_VERSION = 1.0;
				PRODUCT_BUNDLE_IDENTIFIER = "AnthonyHarvey.Weather-TrackerTests";
				PRODUCT_NAME = "$(TARGET_NAME)";
				SWIFT_EMIT_LOC_STRINGS = NO;
				SWIFT_VERSION = 5.0;
				TARGETED_DEVICE_FAMILY = "1,2";
				TEST_HOST = "$(BUILT_PRODUCTS_DIR)/Weather Tracker.app/$(BUNDLE_EXECUTABLE_FOLDER_PATH)/Weather Tracker";
			};
			name = Debug;
		};
		5F748C982CEE1C72003528AF /* Release */ = {
			isa = XCBuildConfiguration;
			buildSettings = {
				BUNDLE_LOADER = "$(TEST_HOST)";
				CODE_SIGN_STYLE = Automatic;
				CURRENT_PROJECT_VERSION = 1;
				DEVELOPMENT_TEAM = QP46GZR9X8;
				GENERATE_INFOPLIST_FILE = YES;
				IPHONEOS_DEPLOYMENT_TARGET = 18.1;
				MARKETING_VERSION = 1.0;
				PRODUCT_BUNDLE_IDENTIFIER = "AnthonyHarvey.Weather-TrackerTests";
				PRODUCT_NAME = "$(TARGET_NAME)";
				SWIFT_EMIT_LOC_STRINGS = NO;
				SWIFT_VERSION = 5.0;
				TARGETED_DEVICE_FAMILY = "1,2";
				TEST_HOST = "$(BUILT_PRODUCTS_DIR)/Weather Tracker.app/$(BUNDLE_EXECUTABLE_FOLDER_PATH)/Weather Tracker";
			};
			name = Release;
		};
		5F748C9A2CEE1C72003528AF /* Debug */ = {
			isa = XCBuildConfiguration;
			buildSettings = {
				CODE_SIGN_STYLE = Automatic;
				CURRENT_PROJECT_VERSION = 1;
				DEVELOPMENT_TEAM = QP46GZR9X8;
				GENERATE_INFOPLIST_FILE = YES;
				MARKETING_VERSION = 1.0;
				PRODUCT_BUNDLE_IDENTIFIER = "AnthonyHarvey.Weather-TrackerUITests";
				PRODUCT_NAME = "$(TARGET_NAME)";
				SWIFT_EMIT_LOC_STRINGS = NO;
				SWIFT_VERSION = 5.0;
				TARGETED_DEVICE_FAMILY = "1,2";
				TEST_TARGET_NAME = "Weather Tracker";
			};
			name = Debug;
		};
		5F748C9B2CEE1C72003528AF /* Release */ = {
			isa = XCBuildConfiguration;
			buildSettings = {
				CODE_SIGN_STYLE = Automatic;
				CURRENT_PROJECT_VERSION = 1;
				DEVELOPMENT_TEAM = QP46GZR9X8;
				GENERATE_INFOPLIST_FILE = YES;
				MARKETING_VERSION = 1.0;
				PRODUCT_BUNDLE_IDENTIFIER = "AnthonyHarvey.Weather-TrackerUITests";
				PRODUCT_NAME = "$(TARGET_NAME)";
				SWIFT_EMIT_LOC_STRINGS = NO;
				SWIFT_VERSION = 5.0;
				TARGETED_DEVICE_FAMILY = "1,2";
				TEST_TARGET_NAME = "Weather Tracker";
			};
			name = Release;
		};
/* End XCBuildConfiguration section */

/* Begin XCConfigurationList section */
		5F748C682CEE1C71003528AF /* Build configuration list for PBXProject "Weather Tracker" */ = {
			isa = XCConfigurationList;
			buildConfigurations = (
				5F748C912CEE1C72003528AF /* Debug */,
				5F748C922CEE1C72003528AF /* Release */,
			);
			defaultConfigurationIsVisible = 0;
			defaultConfigurationName = Release;
		};
		5F748C932CEE1C72003528AF /* Build configuration list for PBXNativeTarget "Weather Tracker" */ = {
			isa = XCConfigurationList;
			buildConfigurations = (
				5F748C942CEE1C72003528AF /* Debug */,
				5F748C952CEE1C72003528AF /* Release */,
			);
			defaultConfigurationIsVisible = 0;
			defaultConfigurationName = Release;
		};
		5F748C962CEE1C72003528AF /* Build configuration list for PBXNativeTarget "Weather TrackerTests" */ = {
			isa = XCConfigurationList;
			buildConfigurations = (
				5F748C972CEE1C72003528AF /* Debug */,
				5F748C982CEE1C72003528AF /* Release */,
			);
			defaultConfigurationIsVisible = 0;
			defaultConfigurationName = Release;
		};
		5F748C992CEE1C72003528AF /* Build configuration list for PBXNativeTarget "Weather TrackerUITests" */ = {
			isa = XCConfigurationList;
			buildConfigurations = (
				5F748C9A2CEE1C72003528AF /* Debug */,
				5F748C9B2CEE1C72003528AF /* Release */,
			);
			defaultConfigurationIsVisible = 0;
			defaultConfigurationName = Release;
		};
/* End XCConfigurationList section */
	};
	rootObject = 5F748C652CEE1C71003528AF /* Project object */;
}
